<?xml version="1.0" encoding="UTF-8" standalone="yes" ?>
<CodeBlocks_project_file>
	<FileVersion major="1" minor="6" />
	<Project>
		<Option title="chapter7" />
		<Option pch_mode="2" />
		<Option compiler="gcc" />
		<Build>
			<Target title="Debug">
				<Option output="bin/Debug/chapter7" prefix_auto="1" extension_auto="1" />
				<Option object_output="obj/Debug/" />
				<Option type="1" />
				<Option compiler="gcc" />
				<Compiler>
					<Add option="-g" />
				</Compiler>
			</Target>
			<Target title="Release">
				<Option output="bin/Release/chapter7" prefix_auto="1" extension_auto="1" />
				<Option object_output="obj/Release/" />
				<Option type="1" />
				<Option compiler="gcc" />
				<Compiler>
					<Add option="-O2" />
				</Compiler>
				<Linker>
					<Add option="-s" />
				</Linker>
			</Target>
		</Build>
		<Compiler>
			<Add option="-Wall" />
		</Compiler>
		<Unit filename="5_1_3_answer.c">
			<Option compilerVar="CC" />
		</Unit>
		<Unit filename="5_1_4_answer.c">
			<Option compilerVar="CC" />
		</Unit>
		<Unit filename="5_1_4_newanswer.c">
			<Option compilerVar="CC" />
		</Unit>
		<Unit filename="5_2_1_answer.c">
			<Option compilerVar="CC" />
		</Unit>
		<Unit filename="5_2_2_answer.c">
			<Option compilerVar="CC" />
		</Unit>
		<Unit filename="5_2_2_newfile.c">
			<Option compilerVar="CC" />
		</Unit>
		<Unit filename="5_2_3_answer.c">
			<Option compilerVar="CC" />
		</Unit>
		<Unit filename="5_2_4_answer.c">
			<Option compilerVar="CC" />
		</Unit>
		<Unit filename="5_3_1_answer.c">
			<Option compilerVar="CC" />
		</Unit>
		<Unit filename="5_3_2_anothermethod.c">
			<Option compilerVar="CC" />
		</Unit>
		<Unit filename="5_3_2_answer.c">
			<Option compilerVar="CC" />
		</Unit>
		<Unit filename="6_1_1.c">
			<Option compilerVar="CC" />
		</Unit>
		<Unit filename="6_1_3.c">
			<Option compilerVar="CC" />
		</Unit>
		<Unit filename="6_1_4.c">
			<Option compilerVar="CC" />
		</Unit>
		<Unit filename="6_1_5.c">
			<Option compilerVar="CC" />
		</Unit>
		<Unit filename="6_1_6.c">
			<Option compilerVar="CC" />
		</Unit>
		<Unit filename="6_1_7.c">
			<Option compilerVar="CC" />
		</Unit>
		<Unit filename="6_2_1.c">
			<Option compilerVar="CC" />
		</Unit>
		<Unit filename="6_2_2.c">
			<Option compilerVar="CC" />
		</Unit>
		<Unit filename="6_3_4.c">
			<Option compilerVar="CC" />
		</Unit>
		<Unit filename="7_1_1.c">
			<Option compilerVar="CC" />
		</Unit>
		<Unit filename="7_1_2_answer.c">
			<Option compilerVar="CC" />
		</Unit>
		<Unit filename="7_1_3.c">
			<Option compilerVar="CC" />
		</Unit>
		<Unit filename="7_1_3_bestsolution.c">
			<Option compilerVar="CC" />
		</Unit>
		<Unit filename="7_1_4_solution1.c">
			<Option compilerVar="CC" />
		</Unit>
		<Unit filename="7_1_5_solution1.c">
			<Option compilerVar="CC" />
		</Unit>
		<Unit filename="7_1_answer.c">
			<Option compilerVar="CC" />
		</Unit>
		<Unit filename="7_2.c">
			<Option compilerVar="CC" />
		</Unit>
		<Unit filename="7_2_1_solution1.c">
			<Option compilerVar="CC" />
		</Unit>
		<Unit filename="7_2_2_solution1.c">
			<Option compilerVar="CC" />
		</Unit>
		<Unit filename="7_2_2_solution2.c">
			<Option compilerVar="CC" />
		</Unit>
		<Unit filename="8_1_solution2.c">
			<Option compilerVar="CC" />
		</Unit>
		<Unit filename="main.c">
			<Option compilerVar="CC" />
		</Unit>
		<Extensions>
			<code_completion />
			<envvars />
			<debugger />
		</Extensions>
	</Project>
</CodeBlocks_project_file>
